<?xml version="1.0" encoding="UTF-8" standalone="yes" ?>
<CodeBlocks_project_file>
	<FileVersion major="1" minor="6" />
	<Project>
		<Option title="GestionLab" />
		<Option pch_mode="2" />
		<Option compiler="gcc" />
		<Build>
			<Target title="Debug">
				<Option output="bin/Debug/GestionLab" prefix_auto="1" extension_auto="1" />
				<Option object_output="obj/Debug/" />
				<Option type="1" />
				<Option compiler="gcc" />
				<Compiler>
					<Add option="-g" />
					<Add directory="include" />
				</Compiler>
			</Target>
			<Target title="Release">
				<Option output="bin/Release/GestionLab" prefix_auto="1" extension_auto="1" />
				<Option object_output="obj/Release/" />
				<Option type="1" />
				<Option compiler="gcc" />
				<Compiler>
					<Add option="-O2" />
					<Add directory="include" />
				</Compiler>
				<Linker>
					<Add option="-s" />
				</Linker>
			</Target>
		</Build>
		<Compiler>
			<Add option="-Wall" />
			<Add option="-fexceptions" />
		</Compiler>
		<Unit filename="include/Estudio.h" />
		<Unit filename="include/Fecha.h" />
		<Unit filename="include/Hora.h" />
		<Unit filename="include/Paciente.h" />
		<Unit filename="include/TipoAnalisis.h" />
		<Unit filename="include/Turno.h" />
		<Unit filename="main.cpp" />
		<Unit filename="src/Estudio.cpp" />
		<Unit filename="src/Fecha.cpp" />
		<Unit filename="src/Hora.cpp" />
		<Unit filename="src/Paciente.cpp" />
		<Unit filename="src/TipoAnalisis.cpp" />
		<Unit filename="src/Turno.cpp" />
		<Extensions />
	</Project>
</CodeBlocks_project_file>
